
Microsoft Visual Studio Solution File, Format Version 12.00
# Visual Studio 14
VisualStudioVersion = 14.0.25420.1
MinimumVisualStudioVersion = 10.0.40219.1
Project("{FAE04EC0-301F-11D3-BF4B-00C04F79EFBC}") = "QLTV", "QLTV\QLTV.csproj", "{86B7EA9F-A1EE-4235-ADDB-4911B917BA0F}"
EndProject
Project("{6141683F-8A12-4E36-9623-2EB02B2C2303}") = "Setup2", "Setup2\Setup2.isproj", "{A2729B07-3B97-46EC-B862-D4D3EDC6C643}"
	ProjectSection(ProjectDependencies) = postProject
		{86B7EA9F-A1EE-4235-ADDB-4911B917BA0F} = {86B7EA9F-A1EE-4235-ADDB-4911B917BA0F}
	EndProjectSection
EndProject
Global
	GlobalSection(SolutionConfigurationPlatforms) = preSolution
		CD_ROM|Any CPU = CD_ROM|Any CPU
		Debug|Any CPU = Debug|Any CPU
		DVD-5|Any CPU = DVD-5|Any CPU
		Release|Any CPU = Release|Any CPU
		SingleImage|Any CPU = SingleImage|Any CPU
	EndGlobalSection
	GlobalSection(ProjectConfigurationPlatforms) = postSolution
		{86B7EA9F-A1EE-4235-ADDB-4911B917BA0F}.CD_ROM|Any CPU.ActiveCfg = Release|Any CPU
		{86B7EA9F-A1EE-4235-ADDB-4911B917BA0F}.CD_ROM|Any CPU.Build.0 = Release|Any CPU
		{86B7EA9F-A1EE-4235-ADDB-4911B917BA0F}.Debug|Any CPU.ActiveCfg = Debug|Any CPU
		{86B7EA9F-A1EE-4235-ADDB-4911B917BA0F}.Debug|Any CPU.Build.0 = Debug|Any CPU
		{86B7EA9F-A1EE-4235-ADDB-4911B917BA0F}.DVD-5|Any CPU.ActiveCfg = Debug|Any CPU
		{86B7EA9F-A1EE-4235-ADDB-4911B917BA0F}.DVD-5|Any CPU.Build.0 = Debug|Any CPU
		{86B7EA9F-A1EE-4235-ADDB-4911B917BA0F}.Release|Any CPU.ActiveCfg = Release|Any CPU
		{86B7EA9F-A1EE-4235-ADDB-4911B917BA0F}.Release|Any CPU.Build.0 = Release|Any CPU
		{86B7EA9F-A1EE-4235-ADDB-4911B917BA0F}.SingleImage|Any CPU.ActiveCfg = Release|Any CPU
		{86B7EA9F-A1EE-4235-ADDB-4911B917BA0F}.SingleImage|Any CPU.Build.0 = Release|Any CPU
		{A2729B07-3B97-46EC-B862-D4D3EDC6C643}.CD_ROM|Any CPU.ActiveCfg = CD_ROM
		{A2729B07-3B97-46EC-B862-D4D3EDC6C643}.CD_ROM|Any CPU.Build.0 = CD_ROM
		{A2729B07-3B97-46EC-B862-D4D3EDC6C643}.Debug|Any CPU.ActiveCfg = DVD-5
		{A2729B07-3B97-46EC-B862-D4D3EDC6C643}.Debug|Any CPU.Build.0 = DVD-5
		{A2729B07-3B97-46EC-B862-D4D3EDC6C643}.DVD-5|Any CPU.ActiveCfg = DVD-5
		{A2729B07-3B97-46EC-B862-D4D3EDC6C643}.DVD-5|Any CPU.Build.0 = DVD-5
		{A2729B07-3B97-46EC-B862-D4D3EDC6C643}.Release|Any CPU.ActiveCfg = SingleImage
		{A2729B07-3B97-46EC-B862-D4D3EDC6C643}.Release|Any CPU.Build.0 = SingleImage
		{A2729B07-3B97-46EC-B862-D4D3EDC6C643}.SingleImage|Any CPU.ActiveCfg = SingleImage
		{A2729B07-3B97-46EC-B862-D4D3EDC6C643}.SingleImage|Any CPU.Build.0 = SingleImage
	EndGlobalSection
	GlobalSection(SolutionProperties) = preSolution
		HideSolutionNode = FALSE
	EndGlobalSection
EndGlobal
